
Microsoft Visual Studio Solution File, Format Version 12.00
# Visual Studio Version 17
VisualStudioVersion = 17.3.32922.545
MinimumVisualStudioVersion = 10.0.40219.1
Project("{FAE04EC0-301F-11D3-BF4B-00C04F79EFBC}") = "IE_MSC", "IE_MSC\IE_MSC.csproj", "{67EAC95D-C045-49F1-82B3-095D3DE49500}"
EndProject
Global
	GlobalSection(SolutionConfigurationPlatforms) = preSolution
		Debug|Any CPU = Debug|Any CPU
		Release|Any CPU = Release|Any CPU
	EndGlobalSection
	GlobalSection(ProjectConfigurationPlatforms) = postSolution
		{67EAC95D-C045-49F1-82B3-095D3DE49500}.Debug|Any CPU.ActiveCfg = Debug|Any CPU
		{67EAC95D-C045-49F1-82B3-095D3DE49500}.Debug|Any CPU.Build.0 = Debug|Any CPU
		{67EAC95D-C045-49F1-82B3-095D3DE49500}.Release|Any CPU.ActiveCfg = Release|Any CPU
		{67EAC95D-C045-49F1-82B3-095D3DE49500}.Release|Any CPU.Build.0 = Release|Any CPU
	EndGlobalSection
	GlobalSection(SolutionProperties) = preSolution
		HideSolutionNode = FALSE
	EndGlobalSection
	GlobalSection(ExtensibilityGlobals) = postSolution
		SolutionGuid = {0933FF53-594A-41B8-84DF-69E7EB9E533E}
	EndGlobalSection
EndGlobal
